
Microsoft Visual Studio Solution File, Format Version 12.00
# Visual Studio Version 17
VisualStudioVersion = 17.14.36310.24 d17.14
MinimumVisualStudioVersion = 10.0.40219.1
Project("{FAE04EC0-301F-11D3-BF4B-00C04F79EFBC}") = "WebAppTest", "WebAppTest.csproj", "{F6670E12-0F09-452A-8FFA-D146A374DEE7}"
EndProject
Global
	GlobalSection(SolutionConfigurationPlatforms) = preSolution
		Debug|Any CPU = Debug|Any CPU
		Release|Any CPU = Release|Any CPU
	EndGlobalSection
	GlobalSection(ProjectConfigurationPlatforms) = postSolution
		{F6670E12-0F09-452A-8FFA-D146A374DEE7}.Debug|Any CPU.ActiveCfg = Debug|Any CPU
		{F6670E12-0F09-452A-8FFA-D146A374DEE7}.Debug|Any CPU.Build.0 = Debug|Any CPU
		{F6670E12-0F09-452A-8FFA-D146A374DEE7}.Release|Any CPU.ActiveCfg = Release|Any CPU
		{F6670E12-0F09-452A-8FFA-D146A374DEE7}.Release|Any CPU.Build.0 = Release|Any CPU
	EndGlobalSection
	GlobalSection(SolutionProperties) = preSolution
		HideSolutionNode = FALSE
	EndGlobalSection
	GlobalSection(ExtensibilityGlobals) = postSolution
		SolutionGuid = {614AEAA6-6841-466F-9D0C-F77979FCC6A7}
	EndGlobalSection
EndGlobal
